{
    "_readme": [
        "This file locks the dependencies of your project to a known state",
        "Read more about it at https://getcomposer.org/doc/01-basic-usage.md#composer-lock-the-lock-file",
        "This file is @generated automatically"
    ],
    "content-hash": "cea49b141183a974bf678d73885709be",
    "packages": [
        {
            "name": "composer/installers",
            "version": "v1.2.0",
            "source": {
                "type": "git",
                "url": "https://github.com/composer/installers.git",
                "reference": "d78064c68299743e0161004f2de3a0204e33b804"
            },
            "dist": {
                "type": "zip",
                "url": "https://api.github.com/repos/composer/installers/zipball/d78064c68299743e0161004f2de3a0204e33b804",
                "reference": "d78064c68299743e0161004f2de3a0204e33b804",
                "shasum": ""
            },
            "require": {
                "composer-plugin-api": "^1.0"
            },
            "replace": {
                "roundcube/plugin-installer": "*",
                "shama/baton": "*"
            },
            "require-dev": {
                "composer/composer": "1.0.*@dev",
                "phpunit/phpunit": "4.1.*"
            },
            "type": "composer-plugin",
            "extra": {
                "class": "Composer\\Installers\\Plugin",
                "branch-alias": {
                    "dev-master": "1.0-dev"
                }
            },
            "autoload": {
                "psr-4": {
                    "Composer\\Installers\\": "src/Composer/Installers"
                }
            },
            "notification-url": "https://packagist.org/downloads/",
            "license": [
                "MIT"
            ],
            "authors": [
                {
                    "name": "Kyle Robinson Young",
                    "email": "kyle@dontkry.com",
                    "homepage": "https://github.com/shama"
                }
            ],
            "description": "A multi-framework Composer library installer",
            "homepage": "https://composer.github.io/installers/",
            "keywords": [
                "Craft",
                "Dolibarr",
                "Hurad",
                "ImageCMS",
                "MODX Evo",
                "Mautic",
                "OXID",
                "Plentymarkets",
                "RadPHP",
                "SMF",
                "Thelia",
                "WolfCMS",
                "agl",
                "aimeos",
                "annotatecms",
                "attogram",
                "bitrix",
                "cakephp",
                "chef",
                "cockpit",
                "codeigniter",
                "concrete5",
                "croogo",
                "dokuwiki",
                "drupal",
                "elgg",
                "expressionengine",
                "fuelphp",
                "grav",
                "installer",
                "joomla",
                "kohana",
                "laravel",
                "lithium",
                "magento",
                "mako",
                "mediawiki",
                "modulework",
                "moodle",
                "phpbb",
                "piwik",
                "ppi",
                "puppet",
                "reindex",
                "roundcube",
                "shopware",
                "silverstripe",
                "symfony",
                "typo3",
                "wordpress",
                "yawik",
                "zend",
                "zikula"
            ],
            "time": "2016-08-13T20:53:52+00:00"
        },
        {
            "name": "gdmedia/ss-auto-git-ignore",
            "version": "1.0.2",
            "source": {
                "type": "git",
                "url": "https://github.com/guru-digital/SSAutoGitIgnore.git",
                "reference": "0fd761b18305aa5c8aa35117d5b5b58cc006815d"
            },
            "dist": {
                "type": "zip",
                "url": "https://api.github.com/repos/guru-digital/SSAutoGitIgnore/zipball/0fd761b18305aa5c8aa35117d5b5b58cc006815d",
                "reference": "0fd761b18305aa5c8aa35117d5b5b58cc006815d",
                "shasum": ""
            },
            "type": "library",
            "autoload": {
                "psr-0": {
                    "GDM\\": "./"
                }
            },
            "notification-url": "https://packagist.org/downloads/",
            "authors": [
                {
                    "name": "Corey Sewell",
                    "email": "corey@gurudigal.nz"
                }
            ],
            "description": "A Composer post-update-cmd script to automatically add Composer managed SilverStripe modules and themes to .gitignore",
            "time": "2016-07-27T19:24:49+00:00"
        },
        {
            "name": "silverstripe/cms",
            "version": "3.5.3",
            "source": {
                "type": "git",
                "url": "https://github.com/silverstripe/silverstripe-cms.git",
                "reference": "80099f24b76b4ac36d38477f1ad8230208b031cb"
            },
            "dist": {
                "type": "zip",
                "url": "https://api.github.com/repos/silverstripe/silverstripe-cms/zipball/80099f24b76b4ac36d38477f1ad8230208b031cb",
                "reference": "80099f24b76b4ac36d38477f1ad8230208b031cb",
                "shasum": ""
            },
            "require": {
                "composer/installers": "*",
                "php": ">=5.3.3",
                "silverstripe/framework": "~3.4",
                "silverstripe/reports": "~3.4",
                "silverstripe/siteconfig": "~3.4"
            },
            "type": "silverstripe-module",
            "extra": {
                "branch-alias": {
                    "3.x-dev": "3.6.x-dev"
                }
            },
            "autoload": {
                "classmap": [
                    "tests/behat/"
                ]
            },
            "notification-url": "https://packagist.org/downloads/",
            "license": [
                "BSD-3-Clause"
            ],
            "authors": [
                {
                    "name": "SilverStripe",
                    "homepage": "http://silverstripe.com"
                },
                {
                    "name": "The SilverStripe Community",
                    "homepage": "http://silverstripe.org"
                }
            ],
            "description": "The SilverStripe Content Management System",
            "homepage": "http://silverstripe.org",
            "keywords": [
                "cms",
                "silverstripe"
            ],
            "time": "2017-02-20T17:01:15+00:00"
        },
        {
            "name": "silverstripe/framework",
            "version": "3.5.3",
            "source": {
                "type": "git",
                "url": "https://github.com/silverstripe/silverstripe-framework.git",
                "reference": "a2580456bda9ff513cf80227039fc79405908f3f"
            },
            "dist": {
                "type": "zip",
                "url": "https://api.github.com/repos/silverstripe/silverstripe-framework/zipball/a2580456bda9ff513cf80227039fc79405908f3f",
                "reference": "a2580456bda9ff513cf80227039fc79405908f3f",
                "shasum": ""
            },
            "require": {
                "composer/installers": "~1.0",
                "php": ">=5.3.3,<7"
            },
            "require-dev": {
                "phpunit/phpunit": "~3.7"
            },
            "type": "silverstripe-module",
            "extra": {
                "branch-alias": {
                    "3.x-dev": "3.5.x-dev"
                }
            },
            "autoload": {
                "classmap": [
                    "tests/behat/features/bootstrap"
                ]
            },
            "notification-url": "https://packagist.org/downloads/",
            "license": [
                "BSD-3-Clause"
            ],
            "authors": [
                {
                    "name": "SilverStripe",
                    "homepage": "http://silverstripe.com"
                },
                {
                    "name": "The SilverStripe Community",
                    "homepage": "http://silverstripe.org"
                }
            ],
            "description": "The SilverStripe framework",
            "homepage": "http://silverstripe.org",
            "keywords": [
                "framework",
                "silverstripe"
            ],
            "time": "2017-02-20T17:01:16+00:00"
        },
        {
            "name": "silverstripe/geoip",
            "version": "0.1.0",
            "source": {
                "type": "git",
                "url": "https://github.com/silverstripe-labs/silverstripe-geoip.git",
                "reference": "53f2107192e73c2786f086324e4df949e4b17a1a"
            },
            "dist": {
                "type": "zip",
                "url": "https://api.github.com/repos/silverstripe-labs/silverstripe-geoip/zipball/53f2107192e73c2786f086324e4df949e4b17a1a",
                "reference": "53f2107192e73c2786f086324e4df949e4b17a1a",
                "shasum": ""
            },
            "require": {
                "silverstripe/framework": ">=2.4.0"
            },
            "type": "silverstripe-module",
            "extra": {
                "installer-name": "geoip"
            },
            "notification-url": "https://packagist.org/downloads/",
            "authors": [
                {
                    "name": "Sean Harvey",
                    "email": "sean@silverstripe.com"
                }
            ],
            "description": "GeoIP module for SilverStripe.",
            "keywords": [
                "geoip",
                "silverstripe-labs"
            ],
            "time": "2016-03-07T20:40:00+00:00"
        },
        {
            "name": "silverstripe/reports",
            "version": "3.5.3",
            "source": {
                "type": "git",
                "url": "https://github.com/silverstripe/silverstripe-reports.git",
                "reference": "dcb80241588639aaf42bde7577e79e8b4bff0e23"
            },
            "dist": {
                "type": "zip",
                "url": "https://api.github.com/repos/silverstripe/silverstripe-reports/zipball/dcb80241588639aaf42bde7577e79e8b4bff0e23",
                "reference": "dcb80241588639aaf42bde7577e79e8b4bff0e23",
                "shasum": ""
            },
            "require": {
                "php": ">=5.3.3,<7",
                "silverstripe/framework": "~3.3"
            },
            "require-dev": {
                "phpunit/phpunit": "~3.7"
            },
            "type": "silverstripe-module",
            "extra": {
                "branch-alias": {
                    "3.x-dev": "3.5.x-dev"
                }
            },
            "notification-url": "https://packagist.org/downloads/",
            "license": [
                "BSD-3-Clause"
            ],
            "authors": [
                {
                    "name": "SilverStripe",
                    "homepage": "http://silverstripe.com"
                },
                {
                    "name": "The SilverStripe Community",
                    "homepage": "http://silverstripe.org"
                }
            ],
            "description": "Reports module for SilverStripe CMS",
            "homepage": "http://silverstripe.org",
            "keywords": [
                "cms",
                "reports",
                "silverstripe"
            ],
            "time": "2016-11-28T14:13:29+00:00"
        },
        {
            "name": "silverstripe/siteconfig",
            "version": "3.5.3",
            "source": {
                "type": "git",
                "url": "https://github.com/silverstripe/silverstripe-siteconfig.git",
                "reference": "875c18cc940aeace6032d37c112333f64deab345"
            },
            "dist": {
                "type": "zip",
                "url": "https://api.github.com/repos/silverstripe/silverstripe-siteconfig/zipball/875c18cc940aeace6032d37c112333f64deab345",
                "reference": "875c18cc940aeace6032d37c112333f64deab345",
                "shasum": ""
            },
            "require": {
                "silverstripe/framework": "*"
            },
            "type": "silverstripe-module",
            "extra": {
                "installer-name": "siteconfig",
                "branch-alias": {
                    "3.x-dev": "3.5.x-dev"
                }
            },
            "autoload": {
                "classmap": [
                    "tests/behat/"
                ]
            },
            "notification-url": "https://packagist.org/downloads/",
            "authors": [
                {
                    "name": "Will Rossiter",
                    "email": "will@fullscreen.io"
                }
            ],
            "description": "Site wide settings administration.",
            "keywords": [
                "silverstripe",
                "siteconfig"
            ],
            "time": "2016-12-22T00:18:45+00:00"
        },
        {
            "name": "sunnysideup/dataobjectsorter",
            "version": "3.7.1",
            "source": {
                "type": "git",
                "url": "https://github.com/sunnysideup/silverstripe-dataobjectsorter.git",
                "reference": "17ab5cc04361e7077788eb9fa9e5aedd15861bc7"
            },
            "dist": {
                "type": "zip",
                "url": "https://api.github.com/repos/sunnysideup/silverstripe-dataobjectsorter/zipball/17ab5cc04361e7077788eb9fa9e5aedd15861bc7",
                "reference": "17ab5cc04361e7077788eb9fa9e5aedd15861bc7",
                "shasum": ""
            },
            "require": {
                "silverstripe/cms": "~3.1",
                "silverstripe/framework": "~3.1"
            },
            "type": "silverstripe-module",
            "extra": {
                "installer-name": "dataobjectsorter"
            },
            "notification-url": "https://packagist.org/downloads/",
            "license": [
                "Sunny Side Up (BSD-3-Clause and CUSTOM)"
            ],
            "authors": [
                {
                    "name": "Nicolaas Francken",
                    "email": "modules@sunnysideup.co.nz",
                    "role": "lead developer"
                }
            ],
            "description": "Silverstripe module with crud functionality: edit one field for one record, edit one record, edit one field for all records AND sort records... ",
            "keywords": [
                "Silverstripe-CMS",
                "cms",
                "crud",
                "dataobjectsorter",
                "edit one field",
                "edit one record",
                "list of fields",
                "quick edit",
                "silverstripe",
                "sort",
                "sorting"
            ],
            "time": "2017-01-03T01:01:36+00:00"
        },
        {
            "name": "sunnysideup/ecommerce",
            "version": "6.6.2",
            "source": {
                "type": "git",
                "url": "https://github.com/sunnysideup/silverstripe-ecommerce.git",
                "reference": "d1792903d88805255ef1624c54855f6ce41e2e36"
            },
            "dist": {
                "type": "zip",
                "url": "https://api.github.com/repos/sunnysideup/silverstripe-ecommerce/zipball/d1792903d88805255ef1624c54855f6ce41e2e36",
                "reference": "d1792903d88805255ef1624c54855f6ce41e2e36",
                "shasum": ""
            },
            "require": {
                "silverstripe/cms": "~3.1",
                "silverstripe/framework": "~3.1",
                "sunnysideup/google_address_field": "*",
                "sunnysideup/permission_provider": "*"
            },
            "suggest": {
                "micmania1/silverstripe-lumberjack": "great way to take product and product groups out of the sitetree",
                "silverstripe-australia/grouped-cms-menu": "HIGHLY RECOMMENDED! merge e-commerce cms menu items into one section.",
                "silverstripe/geoip": "Native Silverstripe way to work out the customer country. Make sure this work on your server, before installing it - otherwise it is useless.",
                "silverstripe/restfulserver": "Adds restful server functionality to your e-commerce site (creates an API for your e-commerce application, allowing third-parties to tap into your e-commerce data)",
                "sunnysideup/cloudflaregeoip": "Extends Geoip if you are using cloudflare",
                "sunnysideup/cmseditlink": "easier ways to link through within ecommerce objects and other objects that have the CMSEditLink"
            },
            "type": "silverstripe-module",
            "extra": {
                "installer-name": "ecommerce"
            },
            "notification-url": "https://packagist.org/downloads/",
            "license": [
                "Sunny Side Up (BSD-3-Clause and CUSTOM)"
            ],
            "authors": [
                {
                    "name": "Nicolaas Francken",
                    "email": "modules@sunnysideup.co.nz",
                    "role": "lead developer"
                }
            ],
            "description": "Silverstripe E-commerce Application",
            "keywords": [
                "Silverstripe-CMS",
                "cart",
                "cms",
                "e-commerce",
                "ecommerce",
                "online payment",
                "payment",
                "products",
                "sales",
                "selling stuff",
                "services",
                "shop",
                "silverstripe",
                "webshop"
            ],
            "time": "2016-11-21T22:23:25+00:00"
        },
        {
            "name": "sunnysideup/ecommerce_delivery",
            "version": "5.4.3",
            "source": {
                "type": "git",
                "url": "https://github.com/sunnysideup/silverstripe-ecommerce_delivery.git",
                "reference": "149331223e77aaaffe936f994205e1b4e784cdf2"
            },
            "dist": {
                "type": "zip",
                "url": "https://api.github.com/repos/sunnysideup/silverstripe-ecommerce_delivery/zipball/149331223e77aaaffe936f994205e1b4e784cdf2",
                "reference": "149331223e77aaaffe936f994205e1b4e784cdf2",
                "shasum": ""
            },
            "require": {
                "silverstripe/cms": "~3.1",
                "silverstripe/framework": "~3.1",
                "sunnysideup/dataobjectsorter": "*",
                "sunnysideup/ecommerce": "*"
            },
            "type": "silverstripe-module",
            "extra": {
                "installer-name": "ecommerce_delivery"
            },
            "notification-url": "https://packagist.org/downloads/",
            "license": [
                "Sunny Side Up (BSD-3-Clause and CUSTOM)"
            ],
            "authors": [
                {
                    "name": "Nicolaas Francken",
                    "email": "modules@sunnysideup.co.nz",
                    "role": "lead developer"
                }
            ],
            "description": "add delivery costs to your silverstripe e-commerce",
            "keywords": [
                "Silverstripe-CMS",
                "cart",
                "cms",
                "courrier",
                "delivery",
                "e-commerce",
                "ecommerce",
                "pick-up",
                "sending",
                "shipping",
                "shop",
                "silverstripe",
                "tracking code"
            ],
            "time": "2017-01-03T01:05:02+00:00"
        },
        {
            "name": "sunnysideup/ecommerce_delivery_electronic",
            "version": "1.3.0",
            "source": {
                "type": "git",
                "url": "https://github.com/sunnysideup/silverstripe-ecommerce_delivery_electronic.git",
                "reference": "2f5c09f265177a25d276f4026d8c764578c24e0f"
            },
            "dist": {
                "type": "zip",
                "url": "https://api.github.com/repos/sunnysideup/silverstripe-ecommerce_delivery_electronic/zipball/2f5c09f265177a25d276f4026d8c764578c24e0f",
                "reference": "2f5c09f265177a25d276f4026d8c764578c24e0f",
                "shasum": ""
            },
            "require": {
                "php": ">=5.3.2",
                "silverstripe/cms": "~3.1",
                "silverstripe/framework": "~3.1",
                "sunnysideup/ecommerce": "*"
            },
            "type": "silverstripe-module",
            "notification-url": "https://packagist.org/downloads/",
            "license": [
                "Sunny Side Up (BSD-3-Clause and CUSTOM)"
            ],
            "authors": [
                {
                    "name": "Nicolaas Francken",
                    "email": "modules@sunnysideup.co.nz",
                    "role": "lead developer"
                }
            ],
            "description": "add electronic products to your silverstripe e-commerce",
            "keywords": [
                "Silverstripe-CMS",
                "cms",
                "delivery",
                "delivery electronic",
                "e-commerce",
                "ecommerce",
                "electronic",
                "shop",
                "silverstripe"
            ],
            "time": "2017-01-03T01:05:22+00:00"
        },
        {
            "name": "sunnysideup/ecommerce_product_variation",
            "version": "dev-master",
            "source": {
                "type": "git",
                "url": "https://github.com/sunnysideup/silverstripe-ecommerce_product_variation.git",
                "reference": "baeaf6530017dd62d85d7327afe7c17c50563337"
            },
            "dist": {
                "type": "zip",
                "url": "https://api.github.com/repos/sunnysideup/silverstripe-ecommerce_product_variation/zipball/baeaf6530017dd62d85d7327afe7c17c50563337",
                "reference": "baeaf6530017dd62d85d7327afe7c17c50563337",
                "shasum": ""
            },
            "require": {
                "silverstripe/cms": "~3.1",
                "silverstripe/framework": "~3.1",
                "sunnysideup/ecommerce": "*"
            },
            "suggest": {
                "silverstripe-australia/gridfieldextensions": "dev-master",
                "sunnysideup/cms_edit_link_field": "dev-master",
                "sunnysideup/dataobjectsorter": "dev-master"
            },
            "type": "silverstripe-module",
            "extra": {
                "installer-name": "ecommerce_product_variation"
            },
            "notification-url": "https://packagist.org/downloads/",
            "license": [
                "Sunny Side Up (BSD-3-Clause and CUSTOM)"
            ],
            "authors": [
                {
                    "name": "Nicolaas Francken",
                    "email": "modules@sunnysideup.co.nz",
                    "role": "lead developer"
                }
            ],
            "description": "create product variations within e-commerce (e.g. if you have a sock you can now sell a red XL sock or a small blue sock).",
            "keywords": [
                "Silverstripe-CMS",
                "cms",
                "colours",
                "e-commerce",
                "ecommerce",
                "product variation",
                "shop",
                "silverstripe",
                "sizes",
                "sub-types",
                "types",
                "variation"
            ],
            "time": "2017-01-10 00:42:52"
        },
        {
            "name": "sunnysideup/ecommerce_tax",
            "version": "5.2.0",
            "source": {
                "type": "git",
                "url": "https://github.com/sunnysideup/silverstripe-ecommerce_tax.git",
                "reference": "4d1136cd5c2336c0eb6c451f2210c31eef76992d"
            },
            "dist": {
                "type": "zip",
                "url": "https://api.github.com/repos/sunnysideup/silverstripe-ecommerce_tax/zipball/4d1136cd5c2336c0eb6c451f2210c31eef76992d",
                "reference": "4d1136cd5c2336c0eb6c451f2210c31eef76992d",
                "shasum": ""
            },
            "require": {
                "silverstripe/cms": "~3.1",
                "silverstripe/framework": "~3.1",
                "sunnysideup/ecommerce": "*"
            },
            "type": "silverstripe-module",
            "extra": {
                "installer-name": "ecommerce_tax"
            },
            "notification-url": "https://packagist.org/downloads/",
            "license": [
                "Sunny Side Up (BSD-3-Clause and CUSTOM)"
            ],
            "authors": [
                {
                    "name": "Nicolaas Francken",
                    "email": "modules@sunnysideup.co.nz",
                    "role": "lead developer"
                }
            ],
            "description": "adds tax options to the Silverstripe e-commerce application",
            "keywords": [
                "Silverstripe-CMS",
                "cart",
                "cms",
                "e-commerce",
                "ecommerce",
                "goods and services tax",
                "gst",
                "order modifier",
                "shop",
                "silverstripe",
                "tax",
                "vat"
            ],
            "time": "2016-11-01T01:32:33+00:00"
        },
        {
            "name": "sunnysideup/google_address_field",
            "version": "1.7.1",
            "source": {
                "type": "git",
                "url": "https://github.com/sunnysideup/silverstripe-google_address_field.git",
                "reference": "05f078ac5d3628db16dc0eb2fed0742c2af36e33"
            },
            "dist": {
                "type": "zip",
                "url": "https://api.github.com/repos/sunnysideup/silverstripe-google_address_field/zipball/05f078ac5d3628db16dc0eb2fed0742c2af36e33",
                "reference": "05f078ac5d3628db16dc0eb2fed0742c2af36e33",
                "shasum": ""
            },
            "require": {
                "silverstripe/cms": "~3.1",
                "silverstripe/framework": "~3.1"
            },
            "type": "silverstripe-module",
            "extra": {
                "installer-name": "google_address_field"
            },
            "notification-url": "https://packagist.org/downloads/",
            "license": [
                "Sunny Side Up (BSD-3-Clause and CUSTOM)"
            ],
            "authors": [
                {
                    "name": "Nicolaas Francken",
                    "email": "modules@sunnysideup.co.nz",
                    "role": "lead developer"
                }
            ],
            "description": "Provide a form field for the Silverstripe CMS that allows geocoding address prediction (autocomplete) and quick lookup of addresses using the Google API",
            "keywords": [
                "Silverstripe-CMS",
                "address",
                "autocomplete",
                "cms",
                "field",
                "find address",
                "form",
                "form field",
                "geocoding",
                "google",
                "maps",
                "silverstripe"
            ],
            "time": "2017-01-10T01:13:40+00:00"
        },
        {
            "name": "sunnysideup/payment_paypal",
            "version": "4.3.0",
            "source": {
                "type": "git",
                "url": "https://github.com/sunnysideup/silverstripe-payment_paypal.git",
                "reference": "a7df1447b6cac85c2b0f9d6a3a75188ca314e0bb"
            },
            "dist": {
                "type": "zip",
                "url": "https://api.github.com/repos/sunnysideup/silverstripe-payment_paypal/zipball/a7df1447b6cac85c2b0f9d6a3a75188ca314e0bb",
                "reference": "a7df1447b6cac85c2b0f9d6a3a75188ca314e0bb",
                "shasum": ""
            },
            "require": {
                "silverstripe/cms": "~3.1",
                "silverstripe/framework": "~3.1",
                "sunnysideup/ecommerce": "*"
            },
            "type": "silverstripe-module",
            "extra": {
                "installer-name": "payment_paypal"
            },
            "notification-url": "https://packagist.org/downloads/",
            "license": [
                "Sunny Side Up (BSD-3-Clause and CUSTOM)"
            ],
            "authors": [
                {
                    "name": "Nicolaas Francken",
                    "email": "modules@sunnysideup.co.nz",
                    "homepage": "https://github.com/sunnysideup",
                    "role": "adjuster"
                },
                {
                    "name": "Jeremy Shipman",
                    "email": "jeremy@burnbright.net",
                    "role": "original developer"
                }
            ],
            "description": "add paypal to your payment options for the silverstripe payment and ecommerce modules",
            "keywords": [
                "Silverstripe-CMS",
                "cms",
                "e-commerce",
                "ecommerce",
                "pay now",
                "pay pal",
                "payment",
                "paypal",
                "shop",
                "silverstripe"
            ],
            "time": "2016-11-29T00:49:13+00:00"
        },
        {
            "name": "sunnysideup/permission_provider",
            "version": "1.2.0",
            "source": {
                "type": "git",
                "url": "https://github.com/sunnysideup/silverstripe-permission_provider.git",
                "reference": "030cae0ed68a1df1a1d44b2fc757380d9149fe86"
            },
            "dist": {
                "type": "zip",
                "url": "https://api.github.com/repos/sunnysideup/silverstripe-permission_provider/zipball/030cae0ed68a1df1a1d44b2fc757380d9149fe86",
                "reference": "030cae0ed68a1df1a1d44b2fc757380d9149fe86",
                "shasum": ""
            },
            "require": {
                "silverstripe/cms": "~3.1",
                "silverstripe/framework": "~3.1"
            },
            "type": "silverstripe-module",
            "extra": {
                "installer-name": "permission_provider"
            },
            "notification-url": "https://packagist.org/downloads/",
            "license": [
                "Sunny Side Up (BSD-3-Clause and CUSTOM)"
            ],
            "authors": [
                {
                    "name": "Nicolaas Francken",
                    "email": "modules@sunnysideup.co.nz",
                    "role": "lead developer"
                }
            ],
            "description": "Make it easier to set up permission groups (creates a member / user, group, and role in one go) for the Silverstripe CMS.",
            "keywords": [
                "Silverstripe-CMS",
                "cms",
                "group",
                "member",
                "permission",
                "permissions",
                "role",
                "security",
                "silverstripe"
            ],
            "time": "2016-11-29T00:50:38+00:00"
        },
        {
            "name": "sunnysideup/themes_ssu_flava_main",
            "version": "0.1.1",
            "source": {
                "type": "git",
                "url": "https://github.com/sunnysideup/silverstripe-themes_ssu_flava_main.git",
                "reference": "4000c150ccedbffe61a5485be15181819fe94039"
            },
            "dist": {
                "type": "zip",
                "url": "https://api.github.com/repos/sunnysideup/silverstripe-themes_ssu_flava_main/zipball/4000c150ccedbffe61a5485be15181819fe94039",
                "reference": "4000c150ccedbffe61a5485be15181819fe94039",
                "shasum": ""
            },
            "require": {
                "silverstripe/framework": "~3.5"
            },
            "suggest": {
                "sunnysideup/mysite_ssu_flava_main_cms": "*",
                "sunnysideup/mysite_ssu_flava_main_ecommerce": "*",
                "sunnysideup/mysite_ssu_flava_main_ecommerce_product_variation": "*",
                "sunnysideup/mysite_ssu_flava_main_webportfolio": "*",
                "sunnysideup/mysite_ssu_flava_simple": "*",
                "sunnysideup/mysite_ssu_flava_simple_ecommerce": "*"
            },
            "type": "silverstripe-theme",
            "extra": {
                "installer-name": "main"
            },
            "notification-url": "https://packagist.org/downloads/",
            "license": [
                "Sunny Side Up (BSD-3-Clause and CUSTOM)"
            ],
            "authors": [
                {
                    "name": "Nicolaas Francken",
                    "email": "modules@sunnysideup.co.nz",
                    "role": "lead developer"
                }
            ],
            "description": "Sunny Side Up Theme",
            "keywords": [
                "Silverstripe-CMS",
                "Sunny Side Up",
                "basic",
                "boilerplate",
                "cms",
                "install",
                "silverstripe",
                "template",
                "theme",
                "themes"
            ],
            "time": "2016-12-25T09:04:54+00:00"
        },
        {
            "name": "sunnysideup/themes_ssu_flava_main_cms",
            "version": "1.1.0",
            "source": {
                "type": "git",
                "url": "https://github.com/sunnysideup/silverstripe-themes_ssu_flava_main_cms.git",
                "reference": "42a7b0069502685d8ca9d25c0dce18592b9f1dce"
            },
            "dist": {
                "type": "zip",
                "url": "https://api.github.com/repos/sunnysideup/silverstripe-themes_ssu_flava_main_cms/zipball/42a7b0069502685d8ca9d25c0dce18592b9f1dce",
                "reference": "42a7b0069502685d8ca9d25c0dce18592b9f1dce",
                "shasum": ""
            },
            "require": {
                "silverstripe/cms": "~3.1",
                "silverstripe/framework": "~3.1"
            },
            "suggest": {
                "sunnysideup/mysite_ssu_flava_main": "*",
                "sunnysideup/mysite_ssu_flava_main_ecommerce": "*",
                "sunnysideup/mysite_ssu_flava_main_ecommerce_product_variation": "*",
                "sunnysideup/mysite_ssu_flava_main_webportfolio": "*",
                "sunnysideup/mysite_ssu_flava_simple": "*",
                "sunnysideup/mysite_ssu_flava_simple_ecommerce": "*"
            },
            "type": "silverstripe-theme",
            "extra": {
                "installer-name": "main_cms"
            },
            "notification-url": "https://packagist.org/downloads/",
            "license": [
                "Sunny Side Up (BSD-3-Clause and CUSTOM)"
            ],
            "authors": [
                {
                    "name": "Nicolaas Francken",
                    "email": "modules@sunnysideup.co.nz",
                    "role": "lead developer"
                }
            ],
            "description": "Sunny Side Up Theme",
            "keywords": [
                "Silverstripe-CMS",
                "Sunny Side Up",
                "basic",
                "boilerplate",
                "cms",
                "install",
                "silverstripe",
                "template",
                "theme",
                "themes"
            ],
            "time": "2016-11-29T00:57:44+00:00"
        },
        {
            "name": "sunnysideup/themes_ssu_flava_main_ecommerce",
            "version": "0.1.1",
            "source": {
                "type": "git",
                "url": "https://github.com/sunnysideup/silverstripe-themes_ssu_flava_main_ecommerce.git",
                "reference": "99b6bcd392c0b52ac5e2c7ace68fe82182c9543a"
            },
            "dist": {
                "type": "zip",
                "url": "https://api.github.com/repos/sunnysideup/silverstripe-themes_ssu_flava_main_ecommerce/zipball/99b6bcd392c0b52ac5e2c7ace68fe82182c9543a",
                "reference": "99b6bcd392c0b52ac5e2c7ace68fe82182c9543a",
                "shasum": ""
            },
            "require": {
                "silverstripe/cms": "~3.1",
                "silverstripe/framework": "~3.1"
            },
            "suggest": {
                "sunnysideup/mysite_ssu_flava_main": "*",
                "sunnysideup/mysite_ssu_flava_main_cms": "*",
                "sunnysideup/mysite_ssu_flava_main_ecommerce_product_variation": "*",
                "sunnysideup/mysite_ssu_flava_main_webportfolio": "*",
                "sunnysideup/mysite_ssu_flava_simple": "*",
                "sunnysideup/mysite_ssu_flava_simple_ecommerce": "*"
            },
            "type": "silverstripe-theme",
            "extra": {
                "installer-name": "main_ecommerce"
            },
            "notification-url": "https://packagist.org/downloads/",
            "license": [
                "Sunny Side Up (BSD-3-Clause and CUSTOM)"
            ],
            "authors": [
                {
                    "name": "Nicolaas Francken",
                    "email": "modules@sunnysideup.co.nz",
                    "role": "lead developer"
                }
            ],
            "description": "Sunny Side Up Theme",
            "keywords": [
                "Silverstripe-CMS",
                "Sunny Side Up",
                "basic",
                "boilerplate",
                "cms",
                "install",
                "silverstripe",
                "template",
                "theme",
                "themes"
            ],
            "time": "2016-11-29T00:57:53+00:00"
        },
        {
            "name": "sunnysideup/themes_ssu_flava_main_ecommerce_product_variation",
            "version": "0.1.1",
            "source": {
                "type": "git",
                "url": "https://github.com/sunnysideup/silverstripe-themes_ssu_flava_main_ecommerce_product_variation.git",
                "reference": "ecea4c2d958767b48352e97f0f574462626e3dd7"
            },
            "dist": {
                "type": "zip",
                "url": "https://api.github.com/repos/sunnysideup/silverstripe-themes_ssu_flava_main_ecommerce_product_variation/zipball/ecea4c2d958767b48352e97f0f574462626e3dd7",
                "reference": "ecea4c2d958767b48352e97f0f574462626e3dd7",
                "shasum": ""
            },
            "require": {
                "silverstripe/cms": "~3.1",
                "silverstripe/framework": "~3.1"
            },
            "suggest": {
                "sunnysideup/mysite_ssu_flava_main": "*",
                "sunnysideup/mysite_ssu_flava_main_cms": "*",
                "sunnysideup/mysite_ssu_flava_main_ecommerce": "*",
                "sunnysideup/mysite_ssu_flava_main_webportfolio": "*",
                "sunnysideup/mysite_ssu_flava_simple": "*",
                "sunnysideup/mysite_ssu_flava_simple_ecommerce": "*"
            },
            "type": "silverstripe-theme",
            "extra": {
                "installer-name": "main_ecommerce_product_variation"
            },
            "notification-url": "https://packagist.org/downloads/",
            "license": [
                "Sunny Side Up (BSD-3-Clause and CUSTOM)"
            ],
            "authors": [
                {
                    "name": "Nicolaas Francken",
                    "email": "modules@sunnysideup.co.nz",
                    "role": "lead developer"
                }
            ],
            "description": "Sunny Side Up Theme",
            "keywords": [
                "Silverstripe-CMS",
                "Sunny Side Up",
                "basic",
                "boilerplate",
                "cms",
                "install",
                "silverstripe",
                "template",
                "theme",
                "themes"
            ],
            "time": "2016-11-29T00:58:01+00:00"
        },
        {
            "name": "sunnysideup/themes_ssu_flava_main_webportfolio",
            "version": "0.1.1",
            "source": {
                "type": "git",
                "url": "https://github.com/sunnysideup/silverstripe-themes_ssu_flava_main_webportfolio.git",
                "reference": "ae146dbd1000de62385740e55fb0fc412720d08a"
            },
            "dist": {
                "type": "zip",
                "url": "https://api.github.com/repos/sunnysideup/silverstripe-themes_ssu_flava_main_webportfolio/zipball/ae146dbd1000de62385740e55fb0fc412720d08a",
                "reference": "ae146dbd1000de62385740e55fb0fc412720d08a",
                "shasum": ""
            },
            "require": {
                "silverstripe/cms": "~3.1",
                "silverstripe/framework": "~3.1"
            },
            "suggest": {
                "sunnysideup/mysite_ssu_flava_main": "*",
                "sunnysideup/mysite_ssu_flava_main_cms": "*",
                "sunnysideup/mysite_ssu_flava_main_ecommerce": "*",
                "sunnysideup/mysite_ssu_flava_main_ecommerce_product_variation": "*",
                "sunnysideup/mysite_ssu_flava_simple": "*",
                "sunnysideup/mysite_ssu_flava_simple_ecommerce": "*"
            },
            "type": "silverstripe-theme",
            "extra": {
                "installer-name": "main_webportfolio"
            },
            "notification-url": "https://packagist.org/downloads/",
            "license": [
                "Sunny Side Up (BSD-3-Clause and CUSTOM)"
            ],
            "authors": [
                {
                    "name": "Nicolaas Francken",
                    "email": "modules@sunnysideup.co.nz",
                    "role": "lead developer"
                }
            ],
            "description": "Sunny Side Up Theme",
            "keywords": [
                "Silverstripe-CMS",
                "Sunny Side Up",
                "basic",
                "boilerplate",
                "cms",
                "install",
                "silverstripe",
                "template",
                "theme",
                "themes"
            ],
            "time": "2016-11-29T00:58:10+00:00"
        },
        {
            "name": "sunnysideup/themes_ssu_flava_simple",
            "version": "0.1.1",
            "source": {
                "type": "git",
                "url": "https://github.com/sunnysideup/silverstripe-themes_ssu_flava_simple.git",
                "reference": "d65a01e5e834b7dbf3cc8d1a7c885add8b387aa7"
            },
            "dist": {
                "type": "zip",
                "url": "https://api.github.com/repos/sunnysideup/silverstripe-themes_ssu_flava_simple/zipball/d65a01e5e834b7dbf3cc8d1a7c885add8b387aa7",
                "reference": "d65a01e5e834b7dbf3cc8d1a7c885add8b387aa7",
                "shasum": ""
            },
            "require": {
                "silverstripe/cms": "~3.1",
                "silverstripe/framework": "~3.1"
            },
            "suggest": {
                "sunnysideup/mysite_ssu_flava_main": "*",
                "sunnysideup/mysite_ssu_flava_main_cms": "*",
                "sunnysideup/mysite_ssu_flava_main_ecommerce": "*",
                "sunnysideup/mysite_ssu_flava_main_ecommerce_product_variation": "*",
                "sunnysideup/mysite_ssu_flava_main_webportfolio": "*",
                "sunnysideup/mysite_ssu_flava_simple_ecommerce": "*"
            },
            "type": "silverstripe-theme",
            "extra": {
                "installer-name": "simple"
            },
            "notification-url": "https://packagist.org/downloads/",
            "license": [
                "Sunny Side Up (BSD-3-Clause and CUSTOM)"
            ],
            "authors": [
                {
                    "name": "Nicolaas Francken",
                    "email": "modules@sunnysideup.co.nz",
                    "role": "lead developer"
                }
            ],
            "description": "COPY of the Silverstripe Simple Theme",
            "keywords": [
                "Silverstripe-CMS",
                "Sunny Side Up",
                "basic",
                "boilerplate",
                "cms",
                "install",
                "silverstripe",
                "template",
                "theme",
                "themes"
            ],
            "time": "2016-11-29T00:58:19+00:00"
        },
        {
            "name": "sunnysideup/themes_ssu_flava_simple_ecommerce",
            "version": "0.1.1",
            "source": {
                "type": "git",
                "url": "https://github.com/sunnysideup/silverstripe-themes_ssu_flava_simple_ecommerce.git",
                "reference": "0521867307650daf8300881cb00c6ae1729b0e93"
            },
            "dist": {
                "type": "zip",
                "url": "https://api.github.com/repos/sunnysideup/silverstripe-themes_ssu_flava_simple_ecommerce/zipball/0521867307650daf8300881cb00c6ae1729b0e93",
                "reference": "0521867307650daf8300881cb00c6ae1729b0e93",
                "shasum": ""
            },
            "require": {
                "silverstripe/cms": "~3.1",
                "silverstripe/framework": "~3.1"
            },
            "suggest": {
                "sunnysideup/mysite_ssu_flava_main": "*",
                "sunnysideup/mysite_ssu_flava_main_cms": "*",
                "sunnysideup/mysite_ssu_flava_main_ecommerce": "*",
                "sunnysideup/mysite_ssu_flava_main_ecommerce_product_variation": "*",
                "sunnysideup/mysite_ssu_flava_main_webportfolio": "*",
                "sunnysideup/mysite_ssu_flava_simple": "*"
            },
            "type": "silverstripe-theme",
            "extra": {
                "installer-name": "simple_ecommerce"
            },
            "notification-url": "https://packagist.org/downloads/",
            "license": [
                "Sunny Side Up (BSD-3-Clause and CUSTOM)"
            ],
            "authors": [
                {
                    "name": "Nicolaas Francken",
                    "email": "modules@sunnysideup.co.nz",
                    "role": "lead developer"
                }
            ],
            "description": "Sunny Side Up Theme",
            "keywords": [
                "Silverstripe-CMS",
                "Sunny Side Up",
                "basic",
                "boilerplate",
                "cms",
                "install",
                "silverstripe",
                "template",
                "theme",
                "themes"
            ],
            "time": "2016-11-29T00:58:27+00:00"
        }
    ],
    "packages-dev": [],
    "aliases": [],
    "minimum-stability": "dev",
    "stability-flags": [],
    "prefer-stable": true,
    "prefer-lowest": false,
    "platform": [],
    "platform-dev": []
}
