{
    "_readme": [
        "This file locks the dependencies of your project to a known state",
        "Read more about it at https://getcomposer.org/doc/01-basic-usage.md#composer-lock-the-lock-file",
        "This file is @generated automatically"
    ],
    "hash": "e5454be744f8f80ed9056a9decb29cd8",
    "content-hash": "08162323bfb2cbdf1f1cc8813e002015",
    "packages": [
        {
            "name": "composer/installers",
            "version": "v1.3.0",
            "source": {
                "type": "git",
                "url": "https://github.com/composer/installers.git",
                "reference": "79ad876c7498c0bbfe7eed065b8651c93bfd6045"
            },
            "dist": {
                "type": "zip",
                "url": "https://api.github.com/repos/composer/installers/zipball/79ad876c7498c0bbfe7eed065b8651c93bfd6045",
                "reference": "79ad876c7498c0bbfe7eed065b8651c93bfd6045",
                "shasum": ""
            },
            "require": {
                "composer-plugin-api": "^1.0"
            },
            "replace": {
                "roundcube/plugin-installer": "*",
                "shama/baton": "*"
            },
            "require-dev": {
                "composer/composer": "1.0.*@dev",
                "phpunit/phpunit": "4.1.*"
            },
            "type": "composer-plugin",
            "extra": {
                "class": "Composer\\Installers\\Plugin",
                "branch-alias": {
                    "dev-master": "1.0-dev"
                }
            },
            "autoload": {
                "psr-4": {
                    "Composer\\Installers\\": "src/Composer/Installers"
                }
            },
            "notification-url": "https://packagist.org/downloads/",
            "license": [
                "MIT"
            ],
            "authors": [
                {
                    "name": "Kyle Robinson Young",
                    "email": "kyle@dontkry.com",
                    "homepage": "https://github.com/shama"
                }
            ],
            "description": "A multi-framework Composer library installer",
            "homepage": "https://composer.github.io/installers/",
            "keywords": [
                "Craft",
                "Dolibarr",
                "Eliasis",
                "Hurad",
                "ImageCMS",
                "Kanboard",
                "MODX Evo",
                "Mautic",
                "Maya",
                "OXID",
                "Plentymarkets",
                "Porto",
                "RadPHP",
                "SMF",
                "Thelia",
                "WolfCMS",
                "agl",
                "aimeos",
                "annotatecms",
                "attogram",
                "bitrix",
                "cakephp",
                "chef",
                "cockpit",
                "codeigniter",
                "concrete5",
                "croogo",
                "dokuwiki",
                "drupal",
                "elgg",
                "expressionengine",
                "fuelphp",
                "grav",
                "installer",
                "itop",
                "joomla",
                "kohana",
                "laravel",
                "lavalite",
                "lithium",
                "magento",
                "mako",
                "mediawiki",
                "modulework",
                "moodle",
                "phpbb",
                "piwik",
                "ppi",
                "puppet",
                "reindex",
                "roundcube",
                "shopware",
                "silverstripe",
                "sydes",
                "symfony",
                "typo3",
                "wordpress",
                "yawik",
                "zend",
                "zikula"
            ],
            "time": "2017-04-24 06:37:16"
        },
        {
            "name": "gdmedia/ss-auto-git-ignore",
            "version": "1.0.2",
            "source": {
                "type": "git",
                "url": "https://github.com/guru-digital/SSAutoGitIgnore.git",
                "reference": "0fd761b18305aa5c8aa35117d5b5b58cc006815d"
            },
            "dist": {
                "type": "zip",
                "url": "https://api.github.com/repos/guru-digital/SSAutoGitIgnore/zipball/0fd761b18305aa5c8aa35117d5b5b58cc006815d",
                "reference": "0fd761b18305aa5c8aa35117d5b5b58cc006815d",
                "shasum": ""
            },
            "type": "library",
            "autoload": {
                "psr-0": {
                    "GDM\\": "./"
                }
            },
            "notification-url": "https://packagist.org/downloads/",
            "authors": [
                {
                    "name": "Corey Sewell",
                    "email": "corey@gurudigal.nz"
                }
            ],
            "description": "A Composer post-update-cmd script to automatically add Composer managed SilverStripe modules and themes to .gitignore",
            "time": "2016-07-27 19:24:49"
        },
        {
            "name": "silverstripe/cms",
            "version": "3.6.1",
            "source": {
                "type": "git",
                "url": "https://github.com/silverstripe/silverstripe-cms.git",
                "reference": "05bb2fef1b246bfeb47d6dd0f9e19074a4135b34"
            },
            "dist": {
                "type": "zip",
                "url": "https://api.github.com/repos/silverstripe/silverstripe-cms/zipball/05bb2fef1b246bfeb47d6dd0f9e19074a4135b34",
                "reference": "05bb2fef1b246bfeb47d6dd0f9e19074a4135b34",
                "shasum": ""
            },
            "require": {
                "composer/installers": "*",
                "php": ">=5.3.3",
                "silverstripe/framework": "~3.4",
                "silverstripe/reports": "~3.4",
                "silverstripe/siteconfig": "~3.4"
            },
            "type": "silverstripe-module",
            "extra": {
                "branch-alias": {
                    "3.x-dev": "3.6.x-dev"
                }
            },
            "autoload": {
                "classmap": [
                    "tests/behat/"
                ]
            },
            "notification-url": "https://packagist.org/downloads/",
            "license": [
                "BSD-3-Clause"
            ],
            "authors": [
                {
                    "name": "SilverStripe",
                    "homepage": "http://silverstripe.com"
                },
                {
                    "name": "The SilverStripe Community",
                    "homepage": "http://silverstripe.org"
                }
            ],
            "description": "The SilverStripe Content Management System",
            "homepage": "http://silverstripe.org",
            "keywords": [
                "cms",
                "silverstripe"
            ],
            "time": "2017-06-15 11:50:49"
        },
        {
            "name": "silverstripe/framework",
            "version": "3.6.1",
            "source": {
                "type": "git",
                "url": "https://github.com/silverstripe/silverstripe-framework.git",
                "reference": "ddff7c5dad117e49a40a3cfe1c16db84fd9b5016"
            },
            "dist": {
                "type": "zip",
                "url": "https://api.github.com/repos/silverstripe/silverstripe-framework/zipball/ddff7c5dad117e49a40a3cfe1c16db84fd9b5016",
                "reference": "ddff7c5dad117e49a40a3cfe1c16db84fd9b5016",
                "shasum": ""
            },
            "require": {
                "composer/installers": "~1.0",
                "php": ">= 5.3.3, <7.2"
            },
            "require-dev": {
                "phpunit/phpunit": "~3.7"
            },
            "type": "silverstripe-module",
            "extra": {
                "branch-alias": {
                    "3.x-dev": "3.6.x-dev"
                }
            },
            "autoload": {
                "classmap": [
                    "tests/behat/features/bootstrap"
                ]
            },
            "notification-url": "https://packagist.org/downloads/",
            "license": [
                "BSD-3-Clause"
            ],
            "authors": [
                {
                    "name": "SilverStripe",
                    "homepage": "http://silverstripe.com"
                },
                {
                    "name": "The SilverStripe Community",
                    "homepage": "http://silverstripe.org"
                }
            ],
            "description": "The SilverStripe framework",
            "homepage": "http://silverstripe.org",
            "keywords": [
                "framework",
                "silverstripe"
            ],
            "time": "2017-06-27 11:48:16"
        },
        {
            "name": "silverstripe/geoip",
            "version": "0.1.0",
            "source": {
                "type": "git",
                "url": "https://github.com/silverstripe-labs/silverstripe-geoip.git",
                "reference": "53f2107192e73c2786f086324e4df949e4b17a1a"
            },
            "dist": {
                "type": "zip",
                "url": "https://api.github.com/repos/silverstripe-labs/silverstripe-geoip/zipball/53f2107192e73c2786f086324e4df949e4b17a1a",
                "reference": "53f2107192e73c2786f086324e4df949e4b17a1a",
                "shasum": ""
            },
            "require": {
                "silverstripe/framework": ">=2.4.0"
            },
            "type": "silverstripe-module",
            "extra": {
                "installer-name": "geoip"
            },
            "notification-url": "https://packagist.org/downloads/",
            "authors": [
                {
                    "name": "Sean Harvey",
                    "email": "sean@silverstripe.com"
                }
            ],
            "description": "GeoIP module for SilverStripe.",
            "keywords": [
                "geoip",
                "silverstripe-labs"
            ],
            "time": "2016-03-07 20:40:00"
        },
        {
            "name": "silverstripe/reports",
            "version": "3.6.1",
            "source": {
                "type": "git",
                "url": "https://github.com/silverstripe/silverstripe-reports.git",
                "reference": "2e29bf27fee9a465fcc4744aad656c3e9093167f"
            },
            "dist": {
                "type": "zip",
                "url": "https://api.github.com/repos/silverstripe/silverstripe-reports/zipball/2e29bf27fee9a465fcc4744aad656c3e9093167f",
                "reference": "2e29bf27fee9a465fcc4744aad656c3e9093167f",
                "shasum": ""
            },
            "require": {
                "php": ">=5.3.3,<7.2",
                "silverstripe/framework": "~3.3"
            },
            "require-dev": {
                "phpunit/phpunit": "~3.7"
            },
            "type": "silverstripe-module",
            "extra": {
                "branch-alias": {
                    "3.x-dev": "3.6.x-dev"
                }
            },
            "notification-url": "https://packagist.org/downloads/",
            "license": [
                "BSD-3-Clause"
            ],
            "authors": [
                {
                    "name": "SilverStripe",
                    "homepage": "http://silverstripe.com"
                },
                {
                    "name": "The SilverStripe Community",
                    "homepage": "http://silverstripe.org"
                }
            ],
            "description": "Reports module for SilverStripe CMS",
            "homepage": "http://silverstripe.org",
            "keywords": [
                "cms",
                "reports",
                "silverstripe"
            ],
            "time": "2017-05-30 23:06:19"
        },
        {
            "name": "silverstripe/siteconfig",
            "version": "3.6.1",
            "source": {
                "type": "git",
                "url": "https://github.com/silverstripe/silverstripe-siteconfig.git",
                "reference": "8e03d7b7b86d72b5161682be25c052dd3f6db54e"
            },
            "dist": {
                "type": "zip",
                "url": "https://api.github.com/repos/silverstripe/silverstripe-siteconfig/zipball/8e03d7b7b86d72b5161682be25c052dd3f6db54e",
                "reference": "8e03d7b7b86d72b5161682be25c052dd3f6db54e",
                "shasum": ""
            },
            "require": {
                "silverstripe/framework": "*"
            },
            "type": "silverstripe-module",
            "extra": {
                "installer-name": "siteconfig",
                "branch-alias": {
                    "3.x-dev": "3.6.x-dev"
                }
            },
            "autoload": {
                "classmap": [
                    "tests/behat/"
                ]
            },
            "notification-url": "https://packagist.org/downloads/",
            "authors": [
                {
                    "name": "Will Rossiter",
                    "email": "will@fullscreen.io"
                }
            ],
            "description": "Site wide settings administration.",
            "keywords": [
                "silverstripe",
                "siteconfig"
            ],
            "time": "2017-06-15 11:52:21"
        },
        {
            "name": "sunnysideup/cms_edit_link_field",
            "version": "5.0.0",
            "source": {
                "type": "git",
                "url": "https://github.com/sunnysideup/silverstripe-cms_edit_link_field.git",
                "reference": "6aa080d3b5330daabccee8a9d78307e324ddbb7a"
            },
            "dist": {
                "type": "zip",
                "url": "https://api.github.com/repos/sunnysideup/silverstripe-cms_edit_link_field/zipball/6aa080d3b5330daabccee8a9d78307e324ddbb7a",
                "reference": "6aa080d3b5330daabccee8a9d78307e324ddbb7a",
                "shasum": ""
            },
            "require": {
                "silverstripe/cms": "~3.1",
                "silverstripe/framework": "~3.1"
            },
            "type": "silverstripe-module",
            "extra": {
                "installer-name": "cms_edit_link_field"
            },
            "notification-url": "https://packagist.org/downloads/",
            "license": [
                "Sunny Side Up (BSD-3-Clause and CUSTOM)"
            ],
            "authors": [
                {
                    "name": "Nicolaas Francken",
                    "email": "modules@sunnysideup.co.nz",
                    "role": "lead developer"
                }
            ],
            "description": "Adds 'EDIT IN CMS' link to any object within the Silverstripe CMS",
            "keywords": [
                "CMSEditLink",
                "Silverstripe-CMS",
                "cms",
                "silverstripe"
            ],
            "time": "2017-03-15 02:17:11"
        },
        {
            "name": "sunnysideup/dataobjectsorter",
            "version": "3.8.1",
            "source": {
                "type": "git",
                "url": "https://github.com/sunnysideup/silverstripe-dataobjectsorter.git",
                "reference": "5fee16ff9b112d863d60481de92bb896f5c94f28"
            },
            "dist": {
                "type": "zip",
                "url": "https://api.github.com/repos/sunnysideup/silverstripe-dataobjectsorter/zipball/5fee16ff9b112d863d60481de92bb896f5c94f28",
                "reference": "5fee16ff9b112d863d60481de92bb896f5c94f28",
                "shasum": ""
            },
            "require": {
                "silverstripe/cms": "~3.1",
                "silverstripe/framework": "~3.1"
            },
            "type": "silverstripe-module",
            "extra": {
                "installer-name": "dataobjectsorter"
            },
            "notification-url": "https://packagist.org/downloads/",
            "license": [
                "Sunny Side Up (BSD-3-Clause and CUSTOM)"
            ],
            "authors": [
                {
                    "name": "Nicolaas Francken",
                    "email": "modules@sunnysideup.co.nz",
                    "role": "lead developer"
                }
            ],
            "description": "Silverstripe module with crud functionality: edit one field for one record, edit one record, edit one field for all records AND sort records... ",
            "keywords": [
                "Silverstripe-CMS",
                "cms",
                "crud",
                "dataobjectsorter",
                "edit one field",
                "edit one record",
                "list of fields",
                "quick edit",
                "silverstripe",
                "sort",
                "sorting"
            ],
            "time": "2017-01-16 00:05:44"
        },
        {
            "name": "sunnysideup/ecommerce",
            "version": "7.1.0",
            "source": {
                "type": "git",
                "url": "https://github.com/sunnysideup/silverstripe-ecommerce.git",
                "reference": "69736eca30a4654b95107344340a57a091f3ed55"
            },
            "dist": {
                "type": "zip",
                "url": "https://api.github.com/repos/sunnysideup/silverstripe-ecommerce/zipball/69736eca30a4654b95107344340a57a091f3ed55",
                "reference": "69736eca30a4654b95107344340a57a091f3ed55",
                "shasum": ""
            },
            "require": {
                "silverstripe/cms": "~3.1",
                "silverstripe/framework": "~3.1",
                "sunnysideup/cms_edit_link_field": "*",
                "sunnysideup/google_address_field": "*",
                "sunnysideup/permission_provider": "*"
            },
            "suggest": {
                "micmania1/silverstripe-lumberjack": "great way to take product and product groups out of the sitetree",
                "silverstripe-australia/grouped-cms-menu": "HIGHLY RECOMMENDED! merge e-commerce cms menu items into one section.",
                "silverstripe/geoip": "Native Silverstripe way to work out the customer country. Make sure this work on your server, before installing it - otherwise it is useless.",
                "silverstripe/restfulserver": "Adds restful server functionality to your e-commerce site (creates an API for your e-commerce application, allowing third-parties to tap into your e-commerce data)",
                "sunnysideup/cms_edit_link_field": "easier ways to link through within ecommerce objects and other objects that have the CMSEditLink",
                "sunnysideup/ecommerce_cloud_flare_geoip": "Extends Geoip if you are using cloudflare"
            },
            "type": "silverstripe-module",
            "extra": {
                "installer-name": "ecommerce"
            },
            "notification-url": "https://packagist.org/downloads/",
            "license": [
                "Sunny Side Up (BSD-3-Clause and CUSTOM)"
            ],
            "authors": [
                {
                    "name": "Nicolaas Francken",
                    "email": "modules@sunnysideup.co.nz",
                    "role": "lead developer"
                }
            ],
            "description": "Silverstripe E-commerce Application",
            "keywords": [
                "Silverstripe-CMS",
                "cart",
                "cms",
                "e-commerce",
                "ecommerce",
                "online payment",
                "payment",
                "products",
                "sales",
                "selling stuff",
                "services",
                "shop",
                "silverstripe",
                "webshop"
            ],
            "time": "2017-04-19 01:15:52"
        },
        {
            "name": "sunnysideup/ecommerce_delivery",
            "version": "5.5.1",
            "source": {
                "type": "git",
                "url": "https://github.com/sunnysideup/silverstripe-ecommerce_delivery.git",
                "reference": "816b145db7d9e4ee13b02512e8f31d931dbfb8cf"
            },
            "dist": {
                "type": "zip",
                "url": "https://api.github.com/repos/sunnysideup/silverstripe-ecommerce_delivery/zipball/816b145db7d9e4ee13b02512e8f31d931dbfb8cf",
                "reference": "816b145db7d9e4ee13b02512e8f31d931dbfb8cf",
                "shasum": ""
            },
            "require": {
                "silverstripe/cms": "~3.1",
                "silverstripe/framework": "~3.1",
                "sunnysideup/dataobjectsorter": "*",
                "sunnysideup/ecommerce": "*"
            },
            "type": "silverstripe-module",
            "extra": {
                "installer-name": "ecommerce_delivery"
            },
            "notification-url": "https://packagist.org/downloads/",
            "license": [
                "Sunny Side Up (BSD-3-Clause and CUSTOM)"
            ],
            "authors": [
                {
                    "name": "Nicolaas Francken",
                    "email": "modules@sunnysideup.co.nz",
                    "role": "lead developer"
                }
            ],
            "description": "add delivery costs to your silverstripe e-commerce",
            "keywords": [
                "Silverstripe-CMS",
                "cart",
                "cms",
                "courrier",
                "delivery",
                "e-commerce",
                "ecommerce",
                "pick-up",
                "sending",
                "shipping",
                "shop",
                "silverstripe",
                "tracking code"
            ],
            "time": "2017-03-13 03:40:46"
        },
        {
            "name": "sunnysideup/ecommerce_delivery_electronic",
            "version": "1.3.1",
            "source": {
                "type": "git",
                "url": "https://github.com/sunnysideup/silverstripe-ecommerce_delivery_electronic.git",
                "reference": "f460ebe528779e2142d4eeab9ccc10172e94272b"
            },
            "dist": {
                "type": "zip",
                "url": "https://api.github.com/repos/sunnysideup/silverstripe-ecommerce_delivery_electronic/zipball/f460ebe528779e2142d4eeab9ccc10172e94272b",
                "reference": "f460ebe528779e2142d4eeab9ccc10172e94272b",
                "shasum": ""
            },
            "require": {
                "php": ">=5.3.2",
                "silverstripe/cms": "~3.1",
                "silverstripe/framework": "~3.1",
                "sunnysideup/ecommerce": "*"
            },
            "type": "silverstripe-module",
            "extra": {
                "installer-name": "ecommerce_delivery_electronic"
            },
            "notification-url": "https://packagist.org/downloads/",
            "license": [
                "Sunny Side Up (BSD-3-Clause and CUSTOM)"
            ],
            "authors": [
                {
                    "name": "Nicolaas Francken",
                    "email": "modules@sunnysideup.co.nz",
                    "role": "lead developer"
                }
            ],
            "description": "add electronic products to your silverstripe e-commerce",
            "keywords": [
                "Silverstripe-CMS",
                "cms",
                "delivery",
                "delivery electronic",
                "e-commerce",
                "ecommerce",
                "electronic",
                "shop",
                "silverstripe"
            ],
            "time": "2017-03-13 03:41:06"
        },
        {
            "name": "sunnysideup/ecommerce_product_variation",
            "version": "5.3.0",
            "source": {
                "type": "git",
                "url": "https://github.com/sunnysideup/silverstripe-ecommerce_product_variation.git",
                "reference": "baeaf6530017dd62d85d7327afe7c17c50563337"
            },
            "dist": {
                "type": "zip",
                "url": "https://api.github.com/repos/sunnysideup/silverstripe-ecommerce_product_variation/zipball/baeaf6530017dd62d85d7327afe7c17c50563337",
                "reference": "baeaf6530017dd62d85d7327afe7c17c50563337",
                "shasum": ""
            },
            "require": {
                "silverstripe/cms": "~3.1",
                "silverstripe/framework": "~3.1",
                "sunnysideup/ecommerce": "*"
            },
            "suggest": {
                "silverstripe-australia/gridfieldextensions": "dev-master",
                "sunnysideup/cms_edit_link_field": "dev-master",
                "sunnysideup/dataobjectsorter": "dev-master"
            },
            "type": "silverstripe-module",
            "extra": {
                "installer-name": "ecommerce_product_variation"
            },
            "notification-url": "https://packagist.org/downloads/",
            "license": [
                "Sunny Side Up (BSD-3-Clause and CUSTOM)"
            ],
            "authors": [
                {
                    "name": "Nicolaas Francken",
                    "email": "modules@sunnysideup.co.nz",
                    "role": "lead developer"
                }
            ],
            "description": "create product variations within e-commerce (e.g. if you have a sock you can now sell a red XL sock or a small blue sock).",
            "keywords": [
                "Silverstripe-CMS",
                "cms",
                "colours",
                "e-commerce",
                "ecommerce",
                "product variation",
                "shop",
                "silverstripe",
                "sizes",
                "sub-types",
                "types",
                "variation"
            ],
            "time": "2017-01-10 00:42:52"
        },
        {
            "name": "sunnysideup/ecommerce_tax",
            "version": "5.2.1",
            "source": {
                "type": "git",
                "url": "https://github.com/sunnysideup/silverstripe-ecommerce_tax.git",
                "reference": "d3a67dc3811b88bc18a5d5c89dbeaf18fe9ba291"
            },
            "dist": {
                "type": "zip",
                "url": "https://api.github.com/repos/sunnysideup/silverstripe-ecommerce_tax/zipball/d3a67dc3811b88bc18a5d5c89dbeaf18fe9ba291",
                "reference": "d3a67dc3811b88bc18a5d5c89dbeaf18fe9ba291",
                "shasum": ""
            },
            "require": {
                "silverstripe/cms": "~3.1",
                "silverstripe/framework": "~3.1",
                "sunnysideup/ecommerce": "*"
            },
            "type": "silverstripe-module",
            "extra": {
                "installer-name": "ecommerce_tax"
            },
            "notification-url": "https://packagist.org/downloads/",
            "license": [
                "Sunny Side Up (BSD-3-Clause and CUSTOM)"
            ],
            "authors": [
                {
                    "name": "Nicolaas Francken",
                    "email": "modules@sunnysideup.co.nz",
                    "role": "lead developer"
                }
            ],
            "description": "adds tax options to the Silverstripe e-commerce application",
            "keywords": [
                "Silverstripe-CMS",
                "cart",
                "cms",
                "e-commerce",
                "ecommerce",
                "goods and services tax",
                "gst",
                "order modifier",
                "shop",
                "silverstripe",
                "tax",
                "vat"
            ],
            "time": "2017-01-03 01:11:40"
        },
        {
            "name": "sunnysideup/google_address_field",
            "version": "1.8.1",
            "source": {
                "type": "git",
                "url": "https://github.com/sunnysideup/silverstripe-google_address_field.git",
                "reference": "728a9d2293203382903296f637abe9d133b876e6"
            },
            "dist": {
                "type": "zip",
                "url": "https://api.github.com/repos/sunnysideup/silverstripe-google_address_field/zipball/728a9d2293203382903296f637abe9d133b876e6",
                "reference": "728a9d2293203382903296f637abe9d133b876e6",
                "shasum": ""
            },
            "require": {
                "silverstripe/cms": "~3.1",
                "silverstripe/framework": "~3.1"
            },
            "type": "silverstripe-module",
            "extra": {
                "installer-name": "google_address_field"
            },
            "notification-url": "https://packagist.org/downloads/",
            "license": [
                "Sunny Side Up (BSD-3-Clause and CUSTOM)"
            ],
            "authors": [
                {
                    "name": "Nicolaas Francken",
                    "email": "modules@sunnysideup.co.nz",
                    "role": "lead developer"
                }
            ],
            "description": "Provide a form field for the Silverstripe CMS that allows geocoding address prediction (autocomplete) and quick lookup of addresses using the Google API",
            "keywords": [
                "Silverstripe-CMS",
                "address",
                "autocomplete",
                "cms",
                "field",
                "find address",
                "form",
                "form field",
                "geocoding",
                "google",
                "maps",
                "silverstripe"
            ],
            "time": "2017-02-03 03:44:43"
        },
        {
            "name": "sunnysideup/payment_paypal",
            "version": "5.0.0",
            "source": {
                "type": "git",
                "url": "https://github.com/sunnysideup/silverstripe-payment_paypal.git",
                "reference": "e89a5968e29eb0159a6f58cdbb27ac01647adcc5"
            },
            "dist": {
                "type": "zip",
                "url": "https://api.github.com/repos/sunnysideup/silverstripe-payment_paypal/zipball/e89a5968e29eb0159a6f58cdbb27ac01647adcc5",
                "reference": "e89a5968e29eb0159a6f58cdbb27ac01647adcc5",
                "shasum": ""
            },
            "require": {
                "silverstripe/cms": "~3.1",
                "silverstripe/framework": "~3.1",
                "sunnysideup/ecommerce": "*"
            },
            "type": "silverstripe-module",
            "extra": {
                "installer-name": "payment_paypal"
            },
            "notification-url": "https://packagist.org/downloads/",
            "license": [
                "Sunny Side Up (BSD-3-Clause and CUSTOM)"
            ],
            "authors": [
                {
                    "name": "Nicolaas Francken",
                    "email": "modules@sunnysideup.co.nz",
                    "homepage": "https://github.com/sunnysideup",
                    "role": "adjuster"
                },
                {
                    "name": "Jeremy Shipman",
                    "email": "jeremy@burnbright.net",
                    "role": "original developer"
                }
            ],
            "description": "add paypal to your payment options for the silverstripe payment and ecommerce modules",
            "keywords": [
                "Silverstripe-CMS",
                "cms",
                "e-commerce",
                "ecommerce",
                "pay now",
                "pay pal",
                "payment",
                "paypal",
                "shop",
                "silverstripe"
            ],
            "time": "2017-04-06 02:40:24"
        },
        {
            "name": "sunnysideup/permission_provider",
            "version": "1.2.1",
            "source": {
                "type": "git",
                "url": "https://github.com/sunnysideup/silverstripe-permission_provider.git",
                "reference": "fb9ff6880463114bf7869116a8f4c90ef709a962"
            },
            "dist": {
                "type": "zip",
                "url": "https://api.github.com/repos/sunnysideup/silverstripe-permission_provider/zipball/fb9ff6880463114bf7869116a8f4c90ef709a962",
                "reference": "fb9ff6880463114bf7869116a8f4c90ef709a962",
                "shasum": ""
            },
            "require": {
                "silverstripe/cms": "~3.1",
                "silverstripe/framework": "~3.1"
            },
            "type": "silverstripe-module",
            "extra": {
                "installer-name": "permission_provider"
            },
            "notification-url": "https://packagist.org/downloads/",
            "license": [
                "Sunny Side Up (BSD-3-Clause and CUSTOM)"
            ],
            "authors": [
                {
                    "name": "Nicolaas Francken",
                    "email": "modules@sunnysideup.co.nz",
                    "role": "lead developer"
                }
            ],
            "description": "Make it easier to set up permission groups (creates a member / user, group, and role in one go) for the Silverstripe CMS.",
            "keywords": [
                "Silverstripe-CMS",
                "cms",
                "group",
                "member",
                "permission",
                "permissions",
                "role",
                "security",
                "silverstripe"
            ],
            "time": "2017-01-10 00:54:32"
        },
        {
            "name": "sunnysideup/themes_ssu_flava_main",
            "version": "0.3.0",
            "source": {
                "type": "git",
                "url": "https://github.com/sunnysideup/silverstripe-themes_ssu_flava_main.git",
                "reference": "e41e9a242da1bc00c46bcd27920e615dd856b774"
            },
            "dist": {
                "type": "zip",
                "url": "https://api.github.com/repos/sunnysideup/silverstripe-themes_ssu_flava_main/zipball/e41e9a242da1bc00c46bcd27920e615dd856b774",
                "reference": "e41e9a242da1bc00c46bcd27920e615dd856b774",
                "shasum": ""
            },
            "require": {
                "silverstripe/cms": "~3.1",
                "silverstripe/framework": "~3.1"
            },
            "suggest": {
                "sunnysideup/mysite_ssu_flava_main_cms": "*",
                "sunnysideup/mysite_ssu_flava_main_ecommerce": "*",
                "sunnysideup/mysite_ssu_flava_main_ecommerce_product_variation": "*",
                "sunnysideup/mysite_ssu_flava_main_webportfolio": "*",
                "sunnysideup/mysite_ssu_flava_simple": "*",
                "sunnysideup/mysite_ssu_flava_simple_ecommerce": "*"
            },
            "type": "silverstripe-theme",
            "extra": {
                "installer-name": "main"
            },
            "notification-url": "https://packagist.org/downloads/",
            "license": [
                "Sunny Side Up (BSD-3-Clause and CUSTOM)"
            ],
            "authors": [
                {
                    "name": "Nicolaas Francken",
                    "email": "modules@sunnysideup.co.nz",
                    "role": "lead developer"
                }
            ],
            "description": "Sunny Side Up Theme",
            "keywords": [
                "Silverstripe-CMS",
                "Sunny Side Up",
                "basic",
                "boilerplate",
                "cms",
                "install",
                "silverstripe",
                "template",
                "theme",
                "themes"
            ],
            "time": "2017-03-21 00:35:08"
        },
        {
            "name": "sunnysideup/themes_ssu_flava_main_cms",
            "version": "1.2.1",
            "source": {
                "type": "git",
                "url": "https://github.com/sunnysideup/silverstripe-themes_ssu_flava_main_cms.git",
                "reference": "03fe972459e50f3146fc0792a4fc5b8ae7357ab5"
            },
            "dist": {
                "type": "zip",
                "url": "https://api.github.com/repos/sunnysideup/silverstripe-themes_ssu_flava_main_cms/zipball/03fe972459e50f3146fc0792a4fc5b8ae7357ab5",
                "reference": "03fe972459e50f3146fc0792a4fc5b8ae7357ab5",
                "shasum": ""
            },
            "require": {
                "silverstripe/cms": "~3.1",
                "silverstripe/framework": "~3.1"
            },
            "suggest": {
                "sunnysideup/mysite_ssu_flava_main": "*",
                "sunnysideup/mysite_ssu_flava_main_ecommerce": "*",
                "sunnysideup/mysite_ssu_flava_main_ecommerce_product_variation": "*",
                "sunnysideup/mysite_ssu_flava_main_webportfolio": "*",
                "sunnysideup/mysite_ssu_flava_simple": "*",
                "sunnysideup/mysite_ssu_flava_simple_ecommerce": "*"
            },
            "type": "silverstripe-theme",
            "extra": {
                "installer-name": "main_cms"
            },
            "notification-url": "https://packagist.org/downloads/",
            "license": [
                "Sunny Side Up (BSD-3-Clause and CUSTOM)"
            ],
            "authors": [
                {
                    "name": "Nicolaas Francken",
                    "email": "modules@sunnysideup.co.nz",
                    "role": "lead developer"
                }
            ],
            "description": "Sunny Side Up Theme",
            "keywords": [
                "Silverstripe-CMS",
                "Sunny Side Up",
                "basic",
                "boilerplate",
                "cms",
                "install",
                "silverstripe",
                "template",
                "theme",
                "themes"
            ],
            "time": "2017-03-13 04:13:07"
        },
        {
            "name": "sunnysideup/themes_ssu_flava_main_ecommerce",
            "version": "1.0.0",
            "source": {
                "type": "git",
                "url": "https://github.com/sunnysideup/silverstripe-themes_ssu_flava_main_ecommerce.git",
                "reference": "1fd2fa2f56de7dc30a4a2fed1d950bb3cbc42632"
            },
            "dist": {
                "type": "zip",
                "url": "https://api.github.com/repos/sunnysideup/silverstripe-themes_ssu_flava_main_ecommerce/zipball/1fd2fa2f56de7dc30a4a2fed1d950bb3cbc42632",
                "reference": "1fd2fa2f56de7dc30a4a2fed1d950bb3cbc42632",
                "shasum": ""
            },
            "require": {
                "silverstripe/cms": "~3.1",
                "silverstripe/framework": "~3.1"
            },
            "suggest": {
                "sunnysideup/mysite_ssu_flava_main": "*",
                "sunnysideup/mysite_ssu_flava_main_cms": "*",
                "sunnysideup/mysite_ssu_flava_main_ecommerce_product_variation": "*",
                "sunnysideup/mysite_ssu_flava_main_webportfolio": "*",
                "sunnysideup/mysite_ssu_flava_simple": "*",
                "sunnysideup/mysite_ssu_flava_simple_ecommerce": "*"
            },
            "type": "silverstripe-theme",
            "extra": {
                "installer-name": "main_ecommerce"
            },
            "notification-url": "https://packagist.org/downloads/",
            "license": [
                "Sunny Side Up (BSD-3-Clause and CUSTOM)"
            ],
            "authors": [
                {
                    "name": "Nicolaas Francken",
                    "email": "modules@sunnysideup.co.nz",
                    "role": "lead developer"
                }
            ],
            "description": "Sunny Side Up Theme",
            "keywords": [
                "Silverstripe-CMS",
                "Sunny Side Up",
                "basic",
                "boilerplate",
                "cms",
                "install",
                "silverstripe",
                "template",
                "theme",
                "themes"
            ],
            "time": "2017-03-13 04:13:18"
        },
        {
            "name": "sunnysideup/themes_ssu_flava_main_ecommerce_product_variation",
            "version": "0.2.1",
            "source": {
                "type": "git",
                "url": "https://github.com/sunnysideup/silverstripe-themes_ssu_flava_main_ecommerce_product_variation.git",
                "reference": "9804ffcc1d90ededaa6760af6c22dd2cb2a7bfdd"
            },
            "dist": {
                "type": "zip",
                "url": "https://api.github.com/repos/sunnysideup/silverstripe-themes_ssu_flava_main_ecommerce_product_variation/zipball/9804ffcc1d90ededaa6760af6c22dd2cb2a7bfdd",
                "reference": "9804ffcc1d90ededaa6760af6c22dd2cb2a7bfdd",
                "shasum": ""
            },
            "require": {
                "silverstripe/cms": "~3.1",
                "silverstripe/framework": "~3.1"
            },
            "suggest": {
                "sunnysideup/mysite_ssu_flava_main": "*",
                "sunnysideup/mysite_ssu_flava_main_cms": "*",
                "sunnysideup/mysite_ssu_flava_main_ecommerce": "*",
                "sunnysideup/mysite_ssu_flava_main_webportfolio": "*",
                "sunnysideup/mysite_ssu_flava_simple": "*",
                "sunnysideup/mysite_ssu_flava_simple_ecommerce": "*"
            },
            "type": "silverstripe-theme",
            "extra": {
                "installer-name": "main_ecommerce_product_variation"
            },
            "notification-url": "https://packagist.org/downloads/",
            "license": [
                "Sunny Side Up (BSD-3-Clause and CUSTOM)"
            ],
            "authors": [
                {
                    "name": "Nicolaas Francken",
                    "email": "modules@sunnysideup.co.nz",
                    "role": "lead developer"
                }
            ],
            "description": "Sunny Side Up Theme",
            "keywords": [
                "Silverstripe-CMS",
                "Sunny Side Up",
                "basic",
                "boilerplate",
                "cms",
                "install",
                "silverstripe",
                "template",
                "theme",
                "themes"
            ],
            "time": "2017-03-13 04:13:28"
        },
        {
            "name": "sunnysideup/themes_ssu_flava_main_webportfolio",
            "version": "0.2.1",
            "source": {
                "type": "git",
                "url": "https://github.com/sunnysideup/silverstripe-themes_ssu_flava_main_webportfolio.git",
                "reference": "647853adba80b020def1d32d0c4acc8ae59f6550"
            },
            "dist": {
                "type": "zip",
                "url": "https://api.github.com/repos/sunnysideup/silverstripe-themes_ssu_flava_main_webportfolio/zipball/647853adba80b020def1d32d0c4acc8ae59f6550",
                "reference": "647853adba80b020def1d32d0c4acc8ae59f6550",
                "shasum": ""
            },
            "require": {
                "silverstripe/cms": "~3.1",
                "silverstripe/framework": "~3.1"
            },
            "suggest": {
                "sunnysideup/mysite_ssu_flava_main": "*",
                "sunnysideup/mysite_ssu_flava_main_cms": "*",
                "sunnysideup/mysite_ssu_flava_main_ecommerce": "*",
                "sunnysideup/mysite_ssu_flava_main_ecommerce_product_variation": "*",
                "sunnysideup/mysite_ssu_flava_simple": "*",
                "sunnysideup/mysite_ssu_flava_simple_ecommerce": "*"
            },
            "type": "silverstripe-theme",
            "extra": {
                "installer-name": "main_webportfolio"
            },
            "notification-url": "https://packagist.org/downloads/",
            "license": [
                "Sunny Side Up (BSD-3-Clause and CUSTOM)"
            ],
            "authors": [
                {
                    "name": "Nicolaas Francken",
                    "email": "modules@sunnysideup.co.nz",
                    "role": "lead developer"
                }
            ],
            "description": "Sunny Side Up Theme",
            "keywords": [
                "Silverstripe-CMS",
                "Sunny Side Up",
                "basic",
                "boilerplate",
                "cms",
                "install",
                "silverstripe",
                "template",
                "theme",
                "themes"
            ],
            "time": "2017-03-13 04:13:40"
        },
        {
            "name": "sunnysideup/themes_ssu_flava_simple",
            "version": "0.1.3",
            "source": {
                "type": "git",
                "url": "https://github.com/sunnysideup/silverstripe-themes_ssu_flava_simple.git",
                "reference": "e91e42b9706f5f15ef38f4a50b65a9f2167aeda4"
            },
            "dist": {
                "type": "zip",
                "url": "https://api.github.com/repos/sunnysideup/silverstripe-themes_ssu_flava_simple/zipball/e91e42b9706f5f15ef38f4a50b65a9f2167aeda4",
                "reference": "e91e42b9706f5f15ef38f4a50b65a9f2167aeda4",
                "shasum": ""
            },
            "require": {
                "silverstripe/cms": "~3.1",
                "silverstripe/framework": "~3.1"
            },
            "suggest": {
                "sunnysideup/mysite_ssu_flava_main": "*",
                "sunnysideup/mysite_ssu_flava_main_cms": "*",
                "sunnysideup/mysite_ssu_flava_main_ecommerce": "*",
                "sunnysideup/mysite_ssu_flava_main_ecommerce_product_variation": "*",
                "sunnysideup/mysite_ssu_flava_main_webportfolio": "*",
                "sunnysideup/mysite_ssu_flava_simple_ecommerce": "*"
            },
            "type": "silverstripe-theme",
            "extra": {
                "installer-name": "simple"
            },
            "notification-url": "https://packagist.org/downloads/",
            "license": [
                "Sunny Side Up (BSD-3-Clause and CUSTOM)"
            ],
            "authors": [
                {
                    "name": "Nicolaas Francken",
                    "email": "modules@sunnysideup.co.nz",
                    "role": "lead developer"
                }
            ],
            "description": "COPY of the Silverstripe Simple Theme",
            "keywords": [
                "Silverstripe-CMS",
                "Sunny Side Up",
                "basic",
                "boilerplate",
                "cms",
                "install",
                "silverstripe",
                "template",
                "theme",
                "themes"
            ],
            "time": "2017-03-13 04:13:53"
        },
        {
            "name": "sunnysideup/themes_ssu_flava_simple_ecommerce",
            "version": "0.2.1",
            "source": {
                "type": "git",
                "url": "https://github.com/sunnysideup/silverstripe-themes_ssu_flava_simple_ecommerce.git",
                "reference": "78f7b1c4ae7ce14bfdf36e58f622e36bd6cbe3ce"
            },
            "dist": {
                "type": "zip",
                "url": "https://api.github.com/repos/sunnysideup/silverstripe-themes_ssu_flava_simple_ecommerce/zipball/78f7b1c4ae7ce14bfdf36e58f622e36bd6cbe3ce",
                "reference": "78f7b1c4ae7ce14bfdf36e58f622e36bd6cbe3ce",
                "shasum": ""
            },
            "require": {
                "silverstripe/cms": "~3.1",
                "silverstripe/framework": "~3.1"
            },
            "suggest": {
                "sunnysideup/mysite_ssu_flava_main": "*",
                "sunnysideup/mysite_ssu_flava_main_cms": "*",
                "sunnysideup/mysite_ssu_flava_main_ecommerce": "*",
                "sunnysideup/mysite_ssu_flava_main_ecommerce_product_variation": "*",
                "sunnysideup/mysite_ssu_flava_main_webportfolio": "*",
                "sunnysideup/mysite_ssu_flava_simple": "*"
            },
            "type": "silverstripe-theme",
            "extra": {
                "installer-name": "simple_ecommerce"
            },
            "notification-url": "https://packagist.org/downloads/",
            "license": [
                "Sunny Side Up (BSD-3-Clause and CUSTOM)"
            ],
            "authors": [
                {
                    "name": "Nicolaas Francken",
                    "email": "modules@sunnysideup.co.nz",
                    "role": "lead developer"
                }
            ],
            "description": "Sunny Side Up Theme",
            "keywords": [
                "Silverstripe-CMS",
                "Sunny Side Up",
                "basic",
                "boilerplate",
                "cms",
                "install",
                "silverstripe",
                "template",
                "theme",
                "themes"
            ],
            "time": "2017-03-13 04:14:04"
        }
    ],
    "packages-dev": [],
    "aliases": [],
    "minimum-stability": "dev",
    "stability-flags": [],
    "prefer-stable": true,
    "prefer-lowest": false,
    "platform": [],
    "platform-dev": []
}
